
Microsoft Visual Studio Solution File, Format Version 12.00
# Visual Studio 15
VisualStudioVersion = 15.0.28307.421
MinimumVisualStudioVersion = 10.0.40219.1
Project("{FAE04EC0-301F-11D3-BF4B-00C04F79EFBC}") = "CsvUploader.Api", "CsvUploader.Api\CsvUploader.Api.csproj", "{F115AC73-64F1-4116-AEAF-B11FC3A8AB23}"
EndProject
Project("{FAE04EC0-301F-11D3-BF4B-00C04F79EFBC}") = "CsvLoader.Services", "CsvLoader.Services\CsvLoader.Services.csproj", "{F43A3B38-49A9-4150-A90C-1088D3A3AE55}"
EndProject
Project("{FAE04EC0-301F-11D3-BF4B-00C04F79EFBC}") = "CsvLoader.Data", "CsvLoader.Data\CsvLoader.Data.csproj", "{C7D31A9D-D1C4-476B-85B1-987D208A13BE}"
EndProject
Global
	GlobalSection(SolutionConfigurationPlatforms) = preSolution
		Debug|Any CPU = Debug|Any CPU
		Release|Any CPU = Release|Any CPU
	EndGlobalSection
	GlobalSection(ProjectConfigurationPlatforms) = postSolution
		{F115AC73-64F1-4116-AEAF-B11FC3A8AB23}.Debug|Any CPU.ActiveCfg = Debug|Any CPU
		{F115AC73-64F1-4116-AEAF-B11FC3A8AB23}.Debug|Any CPU.Build.0 = Debug|Any CPU
		{F115AC73-64F1-4116-AEAF-B11FC3A8AB23}.Release|Any CPU.ActiveCfg = Release|Any CPU
		{F115AC73-64F1-4116-AEAF-B11FC3A8AB23}.Release|Any CPU.Build.0 = Release|Any CPU
		{F43A3B38-49A9-4150-A90C-1088D3A3AE55}.Debug|Any CPU.ActiveCfg = Debug|Any CPU
		{F43A3B38-49A9-4150-A90C-1088D3A3AE55}.Debug|Any CPU.Build.0 = Debug|Any CPU
		{F43A3B38-49A9-4150-A90C-1088D3A3AE55}.Release|Any CPU.ActiveCfg = Release|Any CPU
		{F43A3B38-49A9-4150-A90C-1088D3A3AE55}.Release|Any CPU.Build.0 = Release|Any CPU
		{C7D31A9D-D1C4-476B-85B1-987D208A13BE}.Debug|Any CPU.ActiveCfg = Debug|Any CPU
		{C7D31A9D-D1C4-476B-85B1-987D208A13BE}.Debug|Any CPU.Build.0 = Debug|Any CPU
		{C7D31A9D-D1C4-476B-85B1-987D208A13BE}.Release|Any CPU.ActiveCfg = Release|Any CPU
		{C7D31A9D-D1C4-476B-85B1-987D208A13BE}.Release|Any CPU.Build.0 = Release|Any CPU
	EndGlobalSection
	GlobalSection(SolutionProperties) = preSolution
		HideSolutionNode = FALSE
	EndGlobalSection
	GlobalSection(ExtensibilityGlobals) = postSolution
		SolutionGuid = {A439D969-12C0-407E-A522-36898A0E8CC4}
	EndGlobalSection
EndGlobal
